
Microsoft Visual Studio Solution File, Format Version 12.00
# Visual Studio 15
VisualStudioVersion = 15.0.27130.2024
MinimumVisualStudioVersion = 10.0.40219.1
Project("{FAE04EC0-301F-11D3-BF4B-00C04F79EFBC}") = "DatabaseAdmin", "DatabaseAdmin.csproj", "{FE821055-ECF1-495E-A068-F1F5B252E050}"
EndProject
Project("{2150E333-8FDC-42A3-9474-1A3956D46DE8}") = "Solution Items", "Solution Items", "{5F820A70-A0F9-4667-B022-4ACEEB046AEA}"
	ProjectSection(SolutionItems) = preProject
		..\KN DatabaseAdmin 2018-06-13 med påbörjat gränssnitt\DatabaseAdmin\VisitorSearchPage.xaml = ..\KN DatabaseAdmin 2018-06-13 med påbörjat gränssnitt\DatabaseAdmin\VisitorSearchPage.xaml
		..\KN DatabaseAdmin 2018-06-13 med påbörjat gränssnitt\DatabaseAdmin\VisitorSearchPage.xaml.cs = ..\KN DatabaseAdmin 2018-06-13 med påbörjat gränssnitt\DatabaseAdmin\VisitorSearchPage.xaml.cs
	EndProjectSection
EndProject
Global
	GlobalSection(SolutionConfigurationPlatforms) = preSolution
		Debug|Any CPU = Debug|Any CPU
		Release|Any CPU = Release|Any CPU
	EndGlobalSection
	GlobalSection(ProjectConfigurationPlatforms) = postSolution
		{FE821055-ECF1-495E-A068-F1F5B252E050}.Debug|Any CPU.ActiveCfg = Debug|Any CPU
		{FE821055-ECF1-495E-A068-F1F5B252E050}.Debug|Any CPU.Build.0 = Debug|Any CPU
		{FE821055-ECF1-495E-A068-F1F5B252E050}.Release|Any CPU.ActiveCfg = Release|Any CPU
		{FE821055-ECF1-495E-A068-F1F5B252E050}.Release|Any CPU.Build.0 = Release|Any CPU
	EndGlobalSection
	GlobalSection(SolutionProperties) = preSolution
		HideSolutionNode = FALSE
	EndGlobalSection
	GlobalSection(ExtensibilityGlobals) = postSolution
		SolutionGuid = {F89E85AE-C857-486A-A19C-CFE3BC1D0B5E}
	EndGlobalSection
EndGlobal
